// !$*UTF8*$!
{
	archiveVersion = 1;
	classes = {
	};
	objectVersion = 77;
	objects = {

/* Begin PBXBuildFile section */
		1EB6C64F2FB66E720090F42A /* LICENSE in Resources */ = {isa = PBXBuildFile; fileRef = 1EB6C64E2FB66E720090F42A /* LICENSE */; };
/* End PBXBuildFile section */

/* Begin PBXContainerItemProxy section */
		1EB6C6202FB5EBD00090F42A /* PBXContainerItemProxy */ = {
			isa = PBXContainerItemProxy;
			containerPortal = 1EB6C60A2FB5EBCF0090F42A /* Project object */;
			proxyType = 1;
			remoteGlobalIDString = 1EB6C6112FB5EBCF0090F42A;
			remoteInfo = RewriteAI;
		};
		1EB6C62A2FB5EBD10090F42A /* PBXContainerItemProxy */ = {
			isa = PBXContainerItemProxy;
			containerPortal = 1EB6C60A2FB5EBCF0090F42A /* Project object */;
			proxyType = 1;
			remoteGlobalIDString = 1EB6C6112FB5EBCF0090F42A;
			remoteInfo = RewriteAI;
		};
/* End PBXContainerItemProxy section */

/* Begin PBXFileReference section */
		1EB6C6122FB5EBCF0090F42A /* RewriteAI.app */ = {isa = PBXFileReference; explicitFileType = wrapper.application; includeInIndex = 0; path = RewriteAI.app; sourceTree = BUILT_PRODUCTS_DIR; };
		1EB6C61F2FB5EBD00090F42A /* RewriteAITests.xctest */ = {isa = PBXFileReference; explicitFileType = wrapper.cfbundle; includeInIndex = 0; path = RewriteAITests.xctest; sourceTree = BUILT_PRODUCTS_DIR; };
		1EB6C6292FB5EBD10090F42A /* RewriteAIUITests.xctest */ = {isa = PBXFileReference; explicitFileType = wrapper.cfbundle; includeInIndex = 0; path = RewriteAIUITests.xctest; sourceTree = BUILT_PRODUCTS_DIR; };
		1EB6C6482FB66D6E0090F42A /* .gitignore */ = {isa = PBXFileReference; lastKnownFileType = text; path = .gitignore; sourceTree = "<group>"; };
		1EB6C64C2FB66E620090F42A /* README */ = {isa = PBXFileReference; lastKnownFileType = sourcecode.swift; path = README; sourceTree = "<group>"; };
		1EB6C64E2FB66E720090F42A /* LICENSE */ = {isa = PBXFileReference; lastKnownFileType = text; path = LICENSE; sourceTree = "<group>"; };
/* End PBXFileReference section */

/* Begin PBXFileSystemSynchronizedRootGroup section */
		1EB6C6142FB5EBCF0090F42A /* RewriteAI */ = {
			isa = PBXFileSystemSynchronizedRootGroup;
			path = RewriteAI;
			sourceTree = "<group>";
		};
		1EB6C6222FB5EBD00090F42A /* RewriteAITests */ = {
			isa = PBXFileSystemSynchronizedRootGroup;
			path = RewriteAITests;
			sourceTree = "<group>";
		};
		1EB6C62C2FB5EBD10090F42A /* RewriteAIUITests */ = {
			isa = PBXFileSystemSynchronizedRootGroup;
			path = RewriteAIUITests;
			sourceTree = "<group>";
		};
/* End PBXFileSystemSynchronizedRootGroup section */

/* Begin PBXFrameworksBuildPhase section */
		1EB6C60F2FB5EBCF0090F42A /* Frameworks */ = {
			isa = PBXFrameworksBuildPhase;
			buildActionMask = 2147483647;
			files = (
			);
			runOnlyForDeploymentPostprocessing = 0;
		};
		1EB6C61C2FB5EBD00090F42A /* Frameworks */ = {
			isa = PBXFrameworksBuildPhase;
			buildActionMask = 2147483647;
			files = (
			);
			runOnlyForDeploymentPostprocessing = 0;
		};
		1EB6C6262FB5EBD10090F42A /* Frameworks */ = {
			isa = PBXFrameworksBuildPhase;
			buildActionMask = 2147483647;
			files = (
			);
			runOnlyForDeploymentPostprocessing = 0;
		};
/* End PBXFrameworksBuildPhase section */

/* Begin PBXGroup section */
		1EB6C6092FB5EBCF0090F42A = {
			isa = PBXGroup;
			children = (
				1EB6C6142FB5EBCF0090F42A /* RewriteAI */,
				1EB6C6222FB5EBD00090F42A /* RewriteAITests */,
				1EB6C62C2FB5EBD10090F42A /* RewriteAIUITests */,
				1EB6C6132FB5EBCF0090F42A /* Products */,
				1EB6C6482FB66D6E0090F42A /* .gitignore */,
				1EB6C64C2FB66E620090F42A /* README */,
				1EB6C64E2FB66E720090F42A /* LICENSE */,
			);
			sourceTree = "<group>";
		};
		1EB6C6132FB5EBCF0090F42A /* Products */ = {
			isa = PBXGroup;
			children = (
				1EB6C6122FB5EBCF0090F42A /* RewriteAI.app */,
				1EB6C61F2FB5EBD00090F42A /* RewriteAITests.xctest */,
				1EB6C6292FB5EBD10090F42A /* RewriteAIUITests.xctest */,
			);
			name = Products;
			sourceTree = "<group>";
		};
/* End PBXGroup section */

/* Begin PBXNativeTarget section */
		1EB6C6112FB5EBCF0090F42A /* RewriteAI */ = {
			isa = PBXNativeTarget;
			buildConfigurationList = 1EB6C6332FB5EBD10090F42A /* Build configuration list for PBXNativeTarget "RewriteAI" */;
			buildPhases = (
				1EB6C60E2FB5EBCF0090F42A /* Sources */,
				1EB6C60F2FB5EBCF0090F42A /* Frameworks */,
				1EB6C6102FB5EBCF0090F42A /* Resources */,
			);
			buildRules = (
			);
			dependencies = (
			);
			fileSystemSynchronizedGroups = (
				1EB6C6142FB5EBCF0090F42A /* RewriteAI */,
			);
			name = RewriteAI;
			packageProductDependencies = (
			);
			productName = RewriteAI;
			productReference = 1EB6C6122FB5EBCF0090F42A /* RewriteAI.app */;
			productType = "com.apple.product-type.application";
		};
		1EB6C61E2FB5EBD00090F42A /* RewriteAITests */ = {
			isa = PBXNativeTarget;
			buildConfigurationList = 1EB6C6362FB5EBD10090F42A /* Build configuration list for PBXNativeTarget "RewriteAITests" */;
			buildPhases = (
				1EB6C61B2FB5EBD00090F42A /* Sources */,
				1EB6C61C2FB5EBD00090F42A /* Frameworks */,
				1EB6C61D2FB5EBD00090F42A /* Resources */,
			);
			buildRules = (
			);
			dependencies = (
				1EB6C6212FB5EBD00090F42A /* PBXTargetDependency */,
			);
			fileSystemSynchronizedGroups = (
				1EB6C6222FB5EBD00090F42A /* RewriteAITests */,
			);
			name = RewriteAITests;
			packageProductDependencies = (
			);
			productName = RewriteAITests;
			productReference = 1EB6C61F2FB5EBD00090F42A /* RewriteAITests.xctest */;
			productType = "com.apple.product-type.bundle.unit-test";
		};
		1EB6C6282FB5EBD10090F42A /* RewriteAIUITests */ = {
			isa = PBXNativeTarget;
			buildConfigurationList = 1EB6C6392FB5EBD10090F42A /* Build configuration list for PBXNativeTarget "RewriteAIUITests" */;
			buildPhases = (
				1EB6C6252FB5EBD10090F42A /* Sources */,
				1EB6C6262FB5EBD10090F42A /* Frameworks */,
				1EB6C6272FB5EBD10090F42A /* Resources */,
			);
			buildRules = (
			);
			dependencies = (
				1EB6C62B2FB5EBD10090F42A /* PBXTargetDependency */,
			);
			fileSystemSynchronizedGroups = (
				1EB6C62C2FB5EBD10090F42A /* RewriteAIUITests */,
			);
			name = RewriteAIUITests;
			packageProductDependencies = (
			);
			productName = RewriteAIUITests;
			productReference = 1EB6C6292FB5EBD10090F42A /* RewriteAIUITests.xctest */;
			productType = "com.apple.product-type.bundle.ui-testing";
		};
/* End PBXNativeTarget section */

/* Begin PBXProject section */
		1EB6C60A2FB5EBCF0090F42A /* Project object */ = {
			isa = PBXProject;
			attributes = {
				BuildIndependentTargetsInParallel = 1;
				LastSwiftUpdateCheck = 2650;
				LastUpgradeCheck = 2650;
				TargetAttributes = {
					1EB6C6112FB5EBCF0090F42A = {
						CreatedOnToolsVersion = 26.5;
					};
					1EB6C61E2FB5EBD00090F42A = {
						CreatedOnToolsVersion = 26.5;
						TestTargetID = 1EB6C6112FB5EBCF0090F42A;
					};
					1EB6C6282FB5EBD10090F42A = {
						CreatedOnToolsVersion = 26.5;
						TestTargetID = 1EB6C6112FB5EBCF0090F42A;
					};
				};
			};
			buildConfigurationList = 1EB6C60D2FB5EBCF0090F42A /* Build configuration list for PBXProject "RewriteAI" */;
			developmentRegion = en;
			hasScannedForEncodings = 0;
			knownRegions = (
				en,
				Base,
			);
			mainGroup = 1EB6C6092FB5EBCF0090F42A;
			minimizedProjectReferenceProxies = 1;
			preferredProjectObjectVersion = 77;
			productRefGroup = 1EB6C6132FB5EBCF0090F42A /* Products */;
			projectDirPath = "";
			projectRoot = "";
			targets = (
				1EB6C6112FB5EBCF0090F42A /* RewriteAI */,
				1EB6C61E2FB5EBD00090F42A /* RewriteAITests */,
				1EB6C6282FB5EBD10090F42A /* RewriteAIUITests */,
			);
		};
/* End PBXProject section */

/* Begin PBXResourcesBuildPhase section */
		1EB6C6102FB5EBCF0090F42A /* Resources */ = {
			isa = PBXResourcesBuildPhase;
			buildActionMask = 2147483647;
			files = (
				1EB6C64F2FB66E720090F42A /* LICENSE in Resources */,
			);
			runOnlyForDeploymentPostprocessing = 0;
		};
		1EB6C61D2FB5EBD00090F42A /* Resources */ = {
			isa = PBXResourcesBuildPhase;
			buildActionMask = 2147483647;
			files = (
			);
			runOnlyForDeploymentPostprocessing = 0;
		};
		1EB6C6272FB5EBD10090F42A /* Resources */ = {
			isa = PBXResourcesBuildPhase;
			buildActionMask = 2147483647;
			files = (
			);
			runOnlyForDeploymentPostprocessing = 0;
		};
/* End PBXResourcesBuildPhase section */

/* Begin PBXSourcesBuildPhase section */
		1EB6C60E2FB5EBCF0090F42A /* Sources */ = {
			isa = PBXSourcesBuildPhase;
			buildActionMask = 2147483647;
			files = (
			);
			runOnlyForDeploymentPostprocessing = 0;
		};
		1EB6C61B2FB5EBD00090F42A /* Sources */ = {
			isa = PBXSourcesBuildPhase;
			buildActionMask = 2147483647;
			files = (
			);
			runOnlyForDeploymentPostprocessing = 0;
		};
		1EB6C6252FB5EBD10090F42A /* Sources */ = {
			isa = PBXSourcesBuildPhase;
			buildActionMask = 2147483647;
			files = (
			);
			runOnlyForDeploymentPostprocessing = 0;
		};
/* End PBXSourcesBuildPhase section */

/* Begin PBXTargetDependency section */
		1EB6C6212FB5EBD00090F42A /* PBXTargetDependency */ = {
			isa = PBXTargetDependency;
			target = 1EB6C6112FB5EBCF0090F42A /* RewriteAI */;
			targetProxy = 1EB6C6202FB5EBD00090F42A /* PBXContainerItemProxy */;
		};
		1EB6C62B2FB5EBD10090F42A /* PBXTargetDependency */ = {
			isa = PBXTargetDependency;
			target = 1EB6C6112FB5EBCF0090F42A /* RewriteAI */;
			targetProxy = 1EB6C62A2FB5EBD10090F42A /* PBXContainerItemProxy */;
		};
/* End PBXTargetDependency section */

/* Begin XCBuildConfiguration section */
		1EB6C6312FB5EBD10090F42A /* Debug */ = {
			isa = XCBuildConfiguration;
			buildSettings = {
				ALWAYS_SEARCH_USER_PATHS = NO;
				ASSETCATALOG_COMPILER_GENERATE_SWIFT_ASSET_SYMBOL_EXTENSIONS = YES;
				CLANG_ANALYZER_NONNULL = YES;
				CLANG_ANALYZER_NUMBER_OBJECT_CONVERSION = YES_AGGRESSIVE;
				CLANG_CXX_LANGUAGE_STANDARD = "gnu++20";
				CLANG_ENABLE_MODULES = YES;
				CLANG_ENABLE_OBJC_ARC = YES;
				CLANG_ENABLE_OBJC_WEAK = YES;
				CLANG_WARN_BLOCK_CAPTURE_AUTORELEASING = YES;
				CLANG_WARN_BOOL_CONVERSION = YES;
				CLANG_WARN_COMMA = YES;
				CLANG_WARN_CONSTANT_CONVERSION = YES;
				CLANG_WARN_DEPRECATED_OBJC_IMPLEMENTATIONS = YES;
				CLANG_WARN_DIRECT_OBJC_ISA_USAGE = YES_ERROR;
				CLANG_WARN_DOCUMENTATION_COMMENTS = YES;
				CLANG_WARN_EMPTY_BODY = YES;
				CLANG_WARN_ENUM_CONVERSION = YES;
				CLANG_WARN_INFINITE_RECURSION = YES;
				CLANG_WARN_INT_CONVERSION = YES;
				CLANG_WARN_NON_LITERAL_NULL_CONVERSION = YES;
				CLANG_WARN_OBJC_IMPLICIT_RETAIN_SELF = YES;
				CLANG_WARN_OBJC_LITERAL_CONVERSION = YES;
				CLANG_WARN_OBJC_ROOT_CLASS = YES_ERROR;
				CLANG_WARN_QUOTED_INCLUDE_IN_FRAMEWORK_HEADER = YES;
				CLANG_WARN_RANGE_LOOP_ANALYSIS = YES;
				CLANG_WARN_STRICT_PROTOTYPES = YES;
				CLANG_WARN_SUSPICIOUS_MOVE = YES;
				CLANG_WARN_UNGUARDED_AVAILABILITY = YES_AGGRESSIVE;
				CLANG_WARN_UNREACHABLE_CODE = YES;
				CLANG_WARN__DUPLICATE_METHOD_MATCH = YES;
				COPY_PHASE_STRIP = NO;
				DEBUG_INFORMATION_FORMAT = dwarf;
				ENABLE_STRICT_OBJC_MSGSEND = YES;
				ENABLE_TESTABILITY = YES;
				ENABLE_USER_SCRIPT_SANDBOXING = YES;
				GCC_C_LANGUAGE_STANDARD = gnu17;
				GCC_DYNAMIC_NO_PIC = NO;
				GCC_NO_COMMON_BLOCKS = YES;
				GCC_OPTIMIZATION_LEVEL = 0;
				GCC_PREPROCESSOR_DEFINITIONS = (
					"DEBUG=1",
					"$(inherited)",
				);
				GCC_WARN_64_TO_32_BIT_CONVERSION = YES;
				GCC_WARN_ABOUT_RETURN_TYPE = YES_ERROR;
				GCC_WARN_UNDECLARED_SELECTOR = YES;
				GCC_WARN_UNINITIALIZED_AUTOS = YES_AGGRESSIVE;
				GCC_WARN_UNUSED_FUNCTION = YES;
				GCC_WARN_UNUSED_VARIABLE = YES;
				LOCALIZATION_PREFERS_STRING_CATALOGS = YES;
				MACOSX_DEPLOYMENT_TARGET = 26.4;
				MTL_ENABLE_DEBUG_INFO = INCLUDE_SOURCE;
				MTL_FAST_MATH = YES;
				ONLY_ACTIVE_ARCH = YES;
				SDKROOT = macosx;
				SWIFT_ACTIVE_COMPILATION_CONDITIONS = "DEBUG $(inherited)";
				SWIFT_OPTIMIZATION_LEVEL = "-Onone";
			};
			name = Debug;
		};
		1EB6C6322FB5EBD10090F42A /* Release */ = {
			isa = XCBuildConfiguration;
			buildSettings = {
				ALWAYS_SEARCH_USER_PATHS = NO;
				ASSETCATALOG_COMPILER_GENERATE_SWIFT_ASSET_SYMBOL_EXTENSIONS = YES;
				CLANG_ANALYZER_NONNULL = YES;
				CLANG_ANALYZER_NUMBER_OBJECT_CONVERSION = YES_AGGRESSIVE;
				CLANG_CXX_LANGUAGE_STANDARD = "gnu++20";
				CLANG_ENABLE_MODULES = YES;
				CLANG_ENABLE_OBJC_ARC = YES;
				CLANG_ENABLE_OBJC_WEAK = YES;
				CLANG_WARN_BLOCK_CAPTURE_AUTORELEASING = YES;
				CLANG_WARN_BOOL_CONVERSION = YES;
				CLANG_WARN_COMMA = YES;
				CLANG_WARN_CONSTANT_CONVERSION = YES;
				CLANG_WARN_DEPRECATED_OBJC_IMPLEMENTATIONS = YES;
				CLANG_WARN_DIRECT_OBJC_ISA_USAGE = YES_ERROR;
				CLANG_WARN_DOCUMENTATION_COMMENTS = YES;
				CLANG_WARN_EMPTY_BODY = YES;
				CLANG_WARN_ENUM_CONVERSION = YES;
				CLANG_WARN_INFINITE_RECURSION = YES;
				CLANG_WARN_INT_CONVERSION = YES;
				CLANG_WARN_NON_LITERAL_NULL_CONVERSION = YES;
				CLANG_WARN_OBJC_IMPLICIT_RETAIN_SELF = YES;
				CLANG_WARN_OBJC_LITERAL_CONVERSION = YES;
				CLANG_WARN_OBJC_ROOT_CLASS = YES_ERROR;
				CLANG_WARN_QUOTED_INCLUDE_IN_FRAMEWORK_HEADER = YES;
				CLANG_WARN_RANGE_LOOP_ANALYSIS = YES;
				CLANG_WARN_STRICT_PROTOTYPES = YES;
				CLANG_WARN_SUSPICIOUS_MOVE = YES;
				CLANG_WARN_UNGUARDED_AVAILABILITY = YES_AGGRESSIVE;
				CLANG_WARN_UNREACHABLE_CODE = YES;
				CLANG_WARN__DUPLICATE_METHOD_MATCH = YES;
				COPY_PHASE_STRIP = NO;
				DEBUG_INFORMATION_FORMAT = "dwarf-with-dsym";
				ENABLE_NS_ASSERTIONS = NO;
				ENABLE_STRICT_OBJC_MSGSEND = YES;
				ENABLE_USER_SCRIPT_SANDBOXING = YES;
				GCC_C_LANGUAGE_STANDARD = gnu17;
				GCC_NO_COMMON_BLOCKS = YES;
				GCC_WARN_64_TO_32_BIT_CONVERSION = YES;
				GCC_WARN_ABOUT_RETURN_TYPE = YES_ERROR;
				GCC_WARN_UNDECLARED_SELECTOR = YES;
				GCC_WARN_UNINITIALIZED_AUTOS = YES_AGGRESSIVE;
				GCC_WARN_UNUSED_FUNCTION = YES;
				GCC_WARN_UNUSED_VARIABLE = YES;
				LOCALIZATION_PREFERS_STRING_CATALOGS = YES;
				MACOSX_DEPLOYMENT_TARGET = 26.4;
				MTL_ENABLE_DEBUG_INFO = NO;
				MTL_FAST_MATH = YES;
				SDKROOT = macosx;
				SWIFT_COMPILATION_MODE = wholemodule;
			};
			name = Release;
		};
		1EB6C6342FB5EBD10090F42A /* Debug */ = {
			isa = XCBuildConfiguration;
			buildSettings = {
				ASSETCATALOG_COMPILER_APPICON_NAME = AppIcon;
				ASSETCATALOG_COMPILER_GLOBAL_ACCENT_COLOR_NAME = AccentColor;
				"CODE_SIGN_IDENTITY[sdk=macosx*]" = "Apple Development";
				CODE_SIGN_STYLE = Automatic;
				COMBINE_HIDPI_IMAGES = YES;
				CURRENT_PROJECT_VERSION = 1;
				DEVELOPMENT_TEAM = 2HUTGGB4XM;
				ENABLE_APP_SANDBOX = NO;
				ENABLE_PREVIEWS = YES;
				GENERATE_INFOPLIST_FILE = YES;
				INFOPLIST_KEY_NSHumanReadableCopyright = "";
				LD_RUNPATH_SEARCH_PATHS = (
					"$(inherited)",
					"@executable_path/../Frameworks",
				);
				MARKETING_VERSION = 1.0;
				PRODUCT_BUNDLE_IDENTIFIER = com.Maitreya.RewriteAI;
				PRODUCT_NAME = "$(TARGET_NAME)";
				REGISTER_APP_GROUPS = YES;
				STRING_CATALOG_GENERATE_SYMBOLS = YES;
				SWIFT_APPROACHABLE_CONCURRENCY = YES;
				SWIFT_DEFAULT_ACTOR_ISOLATION = MainActor;
				SWIFT_EMIT_LOC_STRINGS = YES;
				SWIFT_UPCOMING_FEATURE_MEMBER_IMPORT_VISIBILITY = YES;
				SWIFT_VERSION = 5.0;
			};
			name = Debug;
		};
		1EB6C6352FB5EBD10090F42A /* Release */ = {
			isa = XCBuildConfiguration;
			buildSettings = {
				ASSETCATALOG_COMPILER_APPICON_NAME = AppIcon;
				ASSETCATALOG_COMPILER_GLOBAL_ACCENT_COLOR_NAME = AccentColor;
				"CODE_SIGN_IDENTITY[sdk=macosx*]" = "Apple Development";
				CODE_SIGN_STYLE = Automatic;
				COMBINE_HIDPI_IMAGES = YES;
				CURRENT_PROJECT_VERSION = 1;
				DEVELOPMENT_TEAM = 2HUTGGB4XM;
				ENABLE_APP_SANDBOX = NO;
				ENABLE_PREVIEWS = YES;
				GENERATE_INFOPLIST_FILE = YES;
				INFOPLIST_KEY_NSHumanReadableCopyright = "";
				LD_RUNPATH_SEARCH_PATHS = (
					"$(inherited)",
					"@executable_path/../Frameworks",
				);
				MARKETING_VERSION = 1.0;
				PRODUCT_BUNDLE_IDENTIFIER = com.Maitreya.RewriteAI;
				PRODUCT_NAME = "$(TARGET_NAME)";
				REGISTER_APP_GROUPS = YES;
				STRING_CATALOG_GENERATE_SYMBOLS = YES;
				SWIFT_APPROACHABLE_CONCURRENCY = YES;
				SWIFT_DEFAULT_ACTOR_ISOLATION = MainActor;
				SWIFT_EMIT_LOC_STRINGS = YES;
				SWIFT_UPCOMING_FEATURE_MEMBER_IMPORT_VISIBILITY = YES;
				SWIFT_VERSION = 5.0;
			};
			name = Release;
		};
		1EB6C6372FB5EBD10090F42A /* Debug */ = {
			isa = XCBuildConfiguration;
			buildSettings = {
				BUNDLE_LOADER = "$(TEST_HOST)";
				CODE_SIGN_STYLE = Automatic;
				CURRENT_PROJECT_VERSION = 1;
				GENERATE_INFOPLIST_FILE = YES;
				MACOSX_DEPLOYMENT_TARGET = 26.4;
				MARKETING_VERSION = 1.0;
				PRODUCT_BUNDLE_IDENTIFIER = com.Maitreya.RewriteAITests;
				PRODUCT_NAME = "$(TARGET_NAME)";
				STRING_CATALOG_GENERATE_SYMBOLS = NO;
				SWIFT_APPROACHABLE_CONCURRENCY = YES;
				SWIFT_EMIT_LOC_STRINGS = NO;
				SWIFT_UPCOMING_FEATURE_MEMBER_IMPORT_VISIBILITY = YES;
				SWIFT_VERSION = 5.0;
				TEST_HOST = "$(BUILT_PRODUCTS_DIR)/RewriteAI.app/$(BUNDLE_EXECUTABLE_FOLDER_PATH)/RewriteAI";
			};
			name = Debug;
		};
		1EB6C6382FB5EBD10090F42A /* Release */ = {
			isa = XCBuildConfiguration;
			buildSettings = {
				BUNDLE_LOADER = "$(TEST_HOST)";
				CODE_SIGN_STYLE = Automatic;
				CURRENT_PROJECT_VERSION = 1;
				GENERATE_INFOPLIST_FILE = YES;
				MACOSX_DEPLOYMENT_TARGET = 26.4;
				MARKETING_VERSION = 1.0;
				PRODUCT_BUNDLE_IDENTIFIER = com.Maitreya.RewriteAITests;
				PRODUCT_NAME = "$(TARGET_NAME)";
				STRING_CATALOG_GENERATE_SYMBOLS = NO;
				SWIFT_APPROACHABLE_CONCURRENCY = YES;
				SWIFT_EMIT_LOC_STRINGS = NO;
				SWIFT_UPCOMING_FEATURE_MEMBER_IMPORT_VISIBILITY = YES;
				SWIFT_VERSION = 5.0;
				TEST_HOST = "$(BUILT_PRODUCTS_DIR)/RewriteAI.app/$(BUNDLE_EXECUTABLE_FOLDER_PATH)/RewriteAI";
			};
			name = Release;
		};
		1EB6C63A2FB5EBD10090F42A /* Debug */ = {
			isa = XCBuildConfiguration;
			buildSettings = {
				CODE_SIGN_STYLE = Automatic;
				CURRENT_PROJECT_VERSION = 1;
				GENERATE_INFOPLIST_FILE = YES;
				MARKETING_VERSION = 1.0;
				PRODUCT_BUNDLE_IDENTIFIER = com.Maitreya.RewriteAIUITests;
				PRODUCT_NAME = "$(TARGET_NAME)";
				STRING_CATALOG_GENERATE_SYMBOLS = NO;
				SWIFT_APPROACHABLE_CONCURRENCY = YES;
				SWIFT_EMIT_LOC_STRINGS = NO;
				SWIFT_UPCOMING_FEATURE_MEMBER_IMPORT_VISIBILITY = YES;
				SWIFT_VERSION = 5.0;
				TEST_TARGET_NAME = RewriteAI;
			};
			name = Debug;
		};
		1EB6C63B2FB5EBD10090F42A /* Release */ = {
			isa = XCBuildConfiguration;
			buildSettings = {
				CODE_SIGN_STYLE = Automatic;
				CURRENT_PROJECT_VERSION = 1;
				GENERATE_INFOPLIST_FILE = YES;
				MARKETING_VERSION = 1.0;
				PRODUCT_BUNDLE_IDENTIFIER = com.Maitreya.RewriteAIUITests;
				PRODUCT_NAME = "$(TARGET_NAME)";
				STRING_CATALOG_GENERATE_SYMBOLS = NO;
				SWIFT_APPROACHABLE_CONCURRENCY = YES;
				SWIFT_EMIT_LOC_STRINGS = NO;
				SWIFT_UPCOMING_FEATURE_MEMBER_IMPORT_VISIBILITY = YES;
				SWIFT_VERSION = 5.0;
				TEST_TARGET_NAME = RewriteAI;
			};
			name = Release;
		};
/* End XCBuildConfiguration section */

/* Begin XCConfigurationList section */
		1EB6C60D2FB5EBCF0090F42A /* Build configuration list for PBXProject "RewriteAI" */ = {
			isa = XCConfigurationList;
			buildConfigurations = (
				1EB6C6312FB5EBD10090F42A /* Debug */,
				1EB6C6322FB5EBD10090F42A /* Release */,
			);
			defaultConfigurationIsVisible = 0;
			defaultConfigurationName = Release;
		};
		1EB6C6332FB5EBD10090F42A /* Build configuration list for PBXNativeTarget "RewriteAI" */ = {
			isa = XCConfigurationList;
			buildConfigurations = (
				1EB6C6342FB5EBD10090F42A /* Debug */,
				1EB6C6352FB5EBD10090F42A /* Release */,
			);
			defaultConfigurationIsVisible = 0;
			defaultConfigurationName = Release;
		};
		1EB6C6362FB5EBD10090F42A /* Build configuration list for PBXNativeTarget "RewriteAITests" */ = {
			isa = XCConfigurationList;
			buildConfigurations = (
				1EB6C6372FB5EBD10090F42A /* Debug */,
				1EB6C6382FB5EBD10090F42A /* Release */,
			);
			defaultConfigurationIsVisible = 0;
			defaultConfigurationName = Release;
		};
		1EB6C6392FB5EBD10090F42A /* Build configuration list for PBXNativeTarget "RewriteAIUITests" */ = {
			isa = XCConfigurationList;
			buildConfigurations = (
				1EB6C63A2FB5EBD10090F42A /* Debug */,
				1EB6C63B2FB5EBD10090F42A /* Release */,
			);
			defaultConfigurationIsVisible = 0;
			defaultConfigurationName = Release;
		};
/* End XCConfigurationList section */
	};
	rootObject = 1EB6C60A2FB5EBCF0090F42A /* Project object */;
}
